
Microsoft Visual Studio Solution File, Format Version 12.00
# Visual Studio Version 17
VisualStudioVersion = 17.3.32929.385
MinimumVisualStudioVersion = 10.0.40219.1
Project("{9A19103F-16F7-4668-BE54-9A1E7A4F7556}") = "Imperial-Metric-Converter", "Imperial-Metric-Converter\Imperial-Metric-Converter.csproj", "{6E5FD76C-F26D-44A0-ABD7-40A28EA01AC9}"
EndProject
Project("{FAE04EC0-301F-11D3-BF4B-00C04F79EFBC}") = "Imperial-Metric-Converter.Tests", "Imperial-Metric-Converter.Tests\Imperial-Metric-Converter.Tests.csproj", "{04B095F6-0A4F-4AA8-B0B9-4FE35AFDBA46}"
EndProject
Global
	GlobalSection(SolutionConfigurationPlatforms) = preSolution
		Debug|Any CPU = Debug|Any CPU
		Release|Any CPU = Release|Any CPU
	EndGlobalSection
	GlobalSection(ProjectConfigurationPlatforms) = postSolution
		{6E5FD76C-F26D-44A0-ABD7-40A28EA01AC9}.Debug|Any CPU.ActiveCfg = Debug|Any CPU
		{6E5FD76C-F26D-44A0-ABD7-40A28EA01AC9}.Debug|Any CPU.Build.0 = Debug|Any CPU
		{6E5FD76C-F26D-44A0-ABD7-40A28EA01AC9}.Release|Any CPU.ActiveCfg = Release|Any CPU
		{6E5FD76C-F26D-44A0-ABD7-40A28EA01AC9}.Release|Any CPU.Build.0 = Release|Any CPU
		{04B095F6-0A4F-4AA8-B0B9-4FE35AFDBA46}.Debug|Any CPU.ActiveCfg = Debug|Any CPU
		{04B095F6-0A4F-4AA8-B0B9-4FE35AFDBA46}.Debug|Any CPU.Build.0 = Debug|Any CPU
		{04B095F6-0A4F-4AA8-B0B9-4FE35AFDBA46}.Release|Any CPU.ActiveCfg = Release|Any CPU
		{04B095F6-0A4F-4AA8-B0B9-4FE35AFDBA46}.Release|Any CPU.Build.0 = Release|Any CPU
	EndGlobalSection
	GlobalSection(SolutionProperties) = preSolution
		HideSolutionNode = FALSE
	EndGlobalSection
	GlobalSection(ExtensibilityGlobals) = postSolution
		SolutionGuid = {5A698247-EBDD-46BE-BC74-21C7CFF6F37D}
	EndGlobalSection
EndGlobal
